<?xml version="1.0" encoding="utf-8"?>
<Project ToolsVersion="4.0" xmlns="http://schemas.microsoft.com/developer/msbuild/2003">
  <ItemGroup>
    <Filter Include="源文件">
      <UniqueIdentifier>{4FC737F1-C7A5-4376-A066-2A32D752A2FF}</UniqueIdentifier>
      <Extensions>cpp;c;cc;cxx;def;odl;idl;hpj;bat;asm;asmx</Extensions>
    </Filter>
    <Filter Include="头文件">
      <UniqueIdentifier>{93995380-89BD-4b04-88EB-625FBE52EBFB}</UniqueIdentifier>
      <Extensions>h;hh;hpp;hxx;hm;inl;inc;ipp;xsd</Extensions>
    </Filter>
    <Filter Include="资源文件">
      <UniqueIdentifier>{67DA6AB6-F800-4c08-8B7A-83BB121AAD01}</UniqueIdentifier>
      <Extensions>rc;ico;cur;bmp;dlg;rc2;rct;bin;rgs;gif;jpg;jpeg;jpe;resx;tiff;tif;png;wav;mfcribbon-ms</Extensions>
    </Filter>
    <Filter Include="头文件\x">
      <UniqueIdentifier>{1df4ac87-a201-49ac-9502-20d5e51fd725}</UniqueIdentifier>
    </Filter>
    <Filter Include="头文件\x\ffmpeg">
      <UniqueIdentifier>{fb7e675a-441b-4ff4-86f4-ff6e9bde67b6}</UniqueIdentifier>
    </Filter>
    <Filter Include="源文件\x">
      <UniqueIdentifier>{e99e0ad7-6272-4bcb-ab40-99e345bf47c9}</UniqueIdentifier>
    </Filter>
    <Filter Include="源文件\x\ffmpeg">
      <UniqueIdentifier>{9bf62bba-8ef7-4a55-8aee-bcfe9b41aa1e}</UniqueIdentifier>
    </Filter>
  </ItemGroup>
  <ItemGroup>
    <ClCompile Include="main.cpp">
      <Filter>源文件</Filter>
    </ClCompile>
    <ClCompile Include="xframe.cpp">
      <Filter>源文件</Filter>
    </ClCompile>
    <ClCompile Include="x_ffmpeg_video_decoder.cpp">
      <Filter>源文件\x\ffmpeg</Filter>
    </ClCompile>
    <ClCompile Include="x_ffmpeg_decoder.cpp">
      <Filter>源文件\x\ffmpeg</Filter>
    </ClCompile>
    <ClCompile Include="x_ffmepg_demultiplexer.cpp">
      <Filter>源文件\x\ffmpeg</Filter>
    </ClCompile>
    <ClCompile Include="xplayer.cpp">
      <Filter>源文件</Filter>
    </ClCompile>
    <ClCompile Include="x_ffmpeg_audio_decoder.cpp">
      <Filter>源文件\x\ffmpeg</Filter>
    </ClCompile>
  </ItemGroup>
  <ItemGroup>
    <ClInclude Include="xplayer.h">
      <Filter>头文件</Filter>
    </ClInclude>
    <ClInclude Include="xframe.h">
      <Filter>头文件</Filter>
    </ClInclude>
    <ClInclude Include="x_ffmepg_demultiplexer.h">
      <Filter>头文件\x\ffmpeg</Filter>
    </ClInclude>
    <ClInclude Include="x_ffmpeg_common.h">
      <Filter>头文件\x\ffmpeg</Filter>
    </ClInclude>
    <ClInclude Include="x_ffmpeg_decoder.h">
      <Filter>头文件\x\ffmpeg</Filter>
    </ClInclude>
    <ClInclude Include="x_ffmpeg_video_decoder.h">
      <Filter>头文件\x\ffmpeg</Filter>
    </ClInclude>
    <ClInclude Include="x_safe_queue.h">
      <Filter>头文件\x</Filter>
    </ClInclude>
    <ClInclude Include="x_ffmpeg_audio_decoder.h">
      <Filter>头文件\x\ffmpeg</Filter>
    </ClInclude>
    <ClInclude Include="x_ffmpeg_av_sync.h">
      <Filter>头文件\x\ffmpeg</Filter>
    </ClInclude>
  </ItemGroup>
</Project>