
Microsoft Visual Studio Solution File, Format Version 12.00
# Visual Studio Version 16
VisualStudioVersion = 16.0.29806.167
MinimumVisualStudioVersion = 10.0.40219.1
Project("{8BC9CEB8-8B4A-11D0-8D11-00A0C91BC942}") = "video_player", "video_player\video_player.vcxproj", "{263EB0E0-157B-4226-A48F-01261C891320}"
EndProject
Global
	GlobalSection(SolutionConfigurationPlatforms) = preSolution
		Debug|x64 = Debug|x64
		Debug|x86 = Debug|x86
		Release|x64 = Release|x64
		Release|x86 = Release|x86
	EndGlobalSection
	GlobalSection(ProjectConfigurationPlatforms) = postSolution
		{263EB0E0-157B-4226-A48F-01261C891320}.Debug|x64.ActiveCfg = Debug|x64
		{263EB0E0-157B-4226-A48F-01261C891320}.Debug|x64.Build.0 = Debug|x64
		{263EB0E0-157B-4226-A48F-01261C891320}.Debug|x86.ActiveCfg = Debug|Win32
		{263EB0E0-157B-4226-A48F-01261C891320}.Debug|x86.Build.0 = Debug|Win32
		{263EB0E0-157B-4226-A48F-01261C891320}.Release|x64.ActiveCfg = Release|x64
		{263EB0E0-157B-4226-A48F-01261C891320}.Release|x64.Build.0 = Release|x64
		{263EB0E0-157B-4226-A48F-01261C891320}.Release|x86.ActiveCfg = Release|Win32
		{263EB0E0-157B-4226-A48F-01261C891320}.Release|x86.Build.0 = Release|Win32
	EndGlobalSection
	GlobalSection(SolutionProperties) = preSolution
		HideSolutionNode = FALSE
	EndGlobalSection
	GlobalSection(ExtensibilityGlobals) = postSolution
		SolutionGuid = {C998BFF3-2477-45F8-BCA5-2CB972B9CFA1}
	EndGlobalSection
EndGlobal
