
Microsoft Visual Studio Solution File, Format Version 12.00
# Visual Studio Version 16
VisualStudioVersion = 16.0.30011.22
MinimumVisualStudioVersion = 10.0.40219.1
Project("{8BC9CEB8-8B4A-11D0-8D11-00A0C91BC942}") = "ffmpeg_mpegts_pusher", "ffmpeg_mpegts_pusher\ffmpeg_mpegts_pusher.vcxproj", "{3D67D11E-6030-4E44-972A-11BB3403A067}"
EndProject
Global
	GlobalSection(SolutionConfigurationPlatforms) = preSolution
		Debug|x64 = Debug|x64
		Debug|x86 = Debug|x86
		Release|x64 = Release|x64
		Release|x86 = Release|x86
	EndGlobalSection
	GlobalSection(ProjectConfigurationPlatforms) = postSolution
		{3D67D11E-6030-4E44-972A-11BB3403A067}.Debug|x64.ActiveCfg = Debug|x64
		{3D67D11E-6030-4E44-972A-11BB3403A067}.Debug|x64.Build.0 = Debug|x64
		{3D67D11E-6030-4E44-972A-11BB3403A067}.Debug|x86.ActiveCfg = Debug|Win32
		{3D67D11E-6030-4E44-972A-11BB3403A067}.Debug|x86.Build.0 = Debug|Win32
		{3D67D11E-6030-4E44-972A-11BB3403A067}.Release|x64.ActiveCfg = Release|x64
		{3D67D11E-6030-4E44-972A-11BB3403A067}.Release|x64.Build.0 = Release|x64
		{3D67D11E-6030-4E44-972A-11BB3403A067}.Release|x86.ActiveCfg = Release|Win32
		{3D67D11E-6030-4E44-972A-11BB3403A067}.Release|x86.Build.0 = Release|Win32
	EndGlobalSection
	GlobalSection(SolutionProperties) = preSolution
		HideSolutionNode = FALSE
	EndGlobalSection
	GlobalSection(ExtensibilityGlobals) = postSolution
		SolutionGuid = {5BFD4BDE-7899-450C-A719-371AB2B74A18}
	EndGlobalSection
EndGlobal
